// !$*UTF8*$!
{
	archiveVersion = 1;
	classes = {
	};
	objectVersion = 46;
	objects = {

/* Begin PBXBuildFile section */
		81F812A11BB237040087D8E3 /* AppDelegate.swift in Sources */ = {isa = PBXBuildFile; fileRef = 81F812A01BB237040087D8E3 /* AppDelegate.swift */; };
		81F812A31BB237040087D8E3 /* MasterViewController.swift in Sources */ = {isa = PBXBuildFile; fileRef = 81F812A21BB237040087D8E3 /* MasterViewController.swift */; };
		81F812A51BB237040087D8E3 /* DetailViewController.swift in Sources */ = {isa = PBXBuildFile; fileRef = 81F812A41BB237040087D8E3 /* DetailViewController.swift */; };
		81F812A81BB237040087D8E3 /* Main.storyboard in Resources */ = {isa = PBXBuildFile; fileRef = 81F812A61BB237040087D8E3 /* Main.storyboard */; };
		81F812AA1BB237040087D8E3 /* Assets.xcassets in Resources */ = {isa = PBXBuildFile; fileRef = 81F812A91BB237040087D8E3 /* Assets.xcassets */; };
		81F812AD1BB237040087D8E3 /* LaunchScreen.storyboard in Resources */ = {isa = PBXBuildFile; fileRef = 81F812AB1BB237040087D8E3 /* LaunchScreen.storyboard */; };
		81F812BA1BB250250087D8E3 /* Error.swift in Sources */ = {isa = PBXBuildFile; fileRef = 81F812B91BB250250087D8E3 /* Error.swift */; settings = {ASSET_TAGS = (); }; };
		81F812BC1BB250320087D8E3 /* Post.swift in Sources */ = {isa = PBXBuildFile; fileRef = 81F812BB1BB250320087D8E3 /* Post.swift */; settings = {ASSET_TAGS = (); }; };
		81F812BF1BB250B10087D8E3 /* FeedServiceProtocol.swift in Sources */ = {isa = PBXBuildFile; fileRef = 81F812BE1BB250B10087D8E3 /* FeedServiceProtocol.swift */; settings = {ASSET_TAGS = (); }; };
		81F812C11BB2511B0087D8E3 /* PostFetchService.swift in Sources */ = {isa = PBXBuildFile; fileRef = 81F812C01BB2511B0087D8E3 /* PostFetchService.swift */; settings = {ASSET_TAGS = (); }; };
		81F812C31BB263D90087D8E3 /* XmlParser.swift in Sources */ = {isa = PBXBuildFile; fileRef = 81F812C21BB263D90087D8E3 /* XmlParser.swift */; settings = {ASSET_TAGS = (); }; };
/* End PBXBuildFile section */

/* Begin PBXFileReference section */
		81F8129D1BB237040087D8E3 /* RWFeed.app */ = {isa = PBXFileReference; explicitFileType = wrapper.application; includeInIndex = 0; path = RWFeed.app; sourceTree = BUILT_PRODUCTS_DIR; };
		81F812A01BB237040087D8E3 /* AppDelegate.swift */ = {isa = PBXFileReference; lastKnownFileType = sourcecode.swift; path = AppDelegate.swift; sourceTree = "<group>"; };
		81F812A21BB237040087D8E3 /* MasterViewController.swift */ = {isa = PBXFileReference; lastKnownFileType = sourcecode.swift; path = MasterViewController.swift; sourceTree = "<group>"; };
		81F812A41BB237040087D8E3 /* DetailViewController.swift */ = {isa = PBXFileReference; lastKnownFileType = sourcecode.swift; path = DetailViewController.swift; sourceTree = "<group>"; };
		81F812A71BB237040087D8E3 /* Base */ = {isa = PBXFileReference; lastKnownFileType = file.storyboard; name = Base; path = Base.lproj/Main.storyboard; sourceTree = "<group>"; };
		81F812A91BB237040087D8E3 /* Assets.xcassets */ = {isa = PBXFileReference; lastKnownFileType = folder.assetcatalog; path = Assets.xcassets; sourceTree = "<group>"; };
		81F812AC1BB237040087D8E3 /* Base */ = {isa = PBXFileReference; lastKnownFileType = file.storyboard; name = Base; path = Base.lproj/LaunchScreen.storyboard; sourceTree = "<group>"; };
		81F812AE1BB237040087D8E3 /* Info.plist */ = {isa = PBXFileReference; lastKnownFileType = text.plist.xml; path = Info.plist; sourceTree = "<group>"; };
		81F812B91BB250250087D8E3 /* Error.swift */ = {isa = PBXFileReference; fileEncoding = 4; lastKnownFileType = sourcecode.swift; path = Error.swift; sourceTree = "<group>"; };
		81F812BB1BB250320087D8E3 /* Post.swift */ = {isa = PBXFileReference; fileEncoding = 4; lastKnownFileType = sourcecode.swift; path = Post.swift; sourceTree = "<group>"; };
		81F812BE1BB250B10087D8E3 /* FeedServiceProtocol.swift */ = {isa = PBXFileReference; fileEncoding = 4; lastKnownFileType = sourcecode.swift; path = FeedServiceProtocol.swift; sourceTree = "<group>"; };
		81F812C01BB2511B0087D8E3 /* PostFetchService.swift */ = {isa = PBXFileReference; fileEncoding = 4; lastKnownFileType = sourcecode.swift; path = PostFetchService.swift; sourceTree = "<group>"; };
		81F812C21BB263D90087D8E3 /* XmlParser.swift */ = {isa = PBXFileReference; fileEncoding = 4; lastKnownFileType = sourcecode.swift; path = XmlParser.swift; sourceTree = "<group>"; };
/* End PBXFileReference section */

/* Begin PBXFrameworksBuildPhase section */
		81F8129A1BB237040087D8E3 /* Frameworks */ = {
			isa = PBXFrameworksBuildPhase;
			buildActionMask = 2147483647;
			files = (
			);
			runOnlyForDeploymentPostprocessing = 0;
		};
/* End PBXFrameworksBuildPhase section */

/* Begin PBXGroup section */
		81F812941BB237040087D8E3 = {
			isa = PBXGroup;
			children = (
				81F8129F1BB237040087D8E3 /* RWFeed */,
				81F8129E1BB237040087D8E3 /* Products */,
			);
			sourceTree = "<group>";
		};
		81F8129E1BB237040087D8E3 /* Products */ = {
			isa = PBXGroup;
			children = (
				81F8129D1BB237040087D8E3 /* RWFeed.app */,
			);
			name = Products;
			sourceTree = "<group>";
		};
		81F8129F1BB237040087D8E3 /* RWFeed */ = {
			isa = PBXGroup;
			children = (
				81F812BD1BB250760087D8E3 /* Services */,
				81F812B41BB24FBA0087D8E3 /* Common */,
				81F812B71BB24FDF0087D8E3 /* Models */,
				81F812B61BB24FDA0087D8E3 /* Controllers */,
				81F812B51BB24FC90087D8E3 /* Storyboards & Nibs */,
				81F812B81BB24FF10087D8E3 /* Resources */,
				81F812AE1BB237040087D8E3 /* Info.plist */,
			);
			path = RWFeed;
			sourceTree = "<group>";
		};
		81F812B41BB24FBA0087D8E3 /* Common */ = {
			isa = PBXGroup;
			children = (
				81F812B91BB250250087D8E3 /* Error.swift */,
				81F812C21BB263D90087D8E3 /* XmlParser.swift */,
			);
			name = Common;
			sourceTree = "<group>";
		};
		81F812B51BB24FC90087D8E3 /* Storyboards & Nibs */ = {
			isa = PBXGroup;
			children = (
				81F812A61BB237040087D8E3 /* Main.storyboard */,
				81F812AB1BB237040087D8E3 /* LaunchScreen.storyboard */,
			);
			name = "Storyboards & Nibs";
			sourceTree = "<group>";
		};
		81F812B61BB24FDA0087D8E3 /* Controllers */ = {
			isa = PBXGroup;
			children = (
				81F812A01BB237040087D8E3 /* AppDelegate.swift */,
				81F812A21BB237040087D8E3 /* MasterViewController.swift */,
				81F812A41BB237040087D8E3 /* DetailViewController.swift */,
			);
			name = Controllers;
			sourceTree = "<group>";
		};
		81F812B71BB24FDF0087D8E3 /* Models */ = {
			isa = PBXGroup;
			children = (
				81F812BB1BB250320087D8E3 /* Post.swift */,
			);
			name = Models;
			sourceTree = "<group>";
		};
		81F812B81BB24FF10087D8E3 /* Resources */ = {
			isa = PBXGroup;
			children = (
				81F812A91BB237040087D8E3 /* Assets.xcassets */,
			);
			name = Resources;
			sourceTree = "<group>";
		};
		81F812BD1BB250760087D8E3 /* Services */ = {
			isa = PBXGroup;
			children = (
				81F812BE1BB250B10087D8E3 /* FeedServiceProtocol.swift */,
				81F812C01BB2511B0087D8E3 /* PostFetchService.swift */,
			);
			name = Services;
			sourceTree = "<group>";
		};
/* End PBXGroup section */

/* Begin PBXNativeTarget section */
		81F8129C1BB237040087D8E3 /* RWFeed */ = {
			isa = PBXNativeTarget;
			buildConfigurationList = 81F812B11BB237040087D8E3 /* Build configuration list for PBXNativeTarget "RWFeed" */;
			buildPhases = (
				81F812991BB237040087D8E3 /* Sources */,
				81F8129A1BB237040087D8E3 /* Frameworks */,
				81F8129B1BB237040087D8E3 /* Resources */,
			);
			buildRules = (
			);
			dependencies = (
			);
			name = RWFeed;
			productName = RWFeed;
			productReference = 81F8129D1BB237040087D8E3 /* RWFeed.app */;
			productType = "com.apple.product-type.application";
		};
/* End PBXNativeTarget section */

/* Begin PBXProject section */
		81F812951BB237040087D8E3 /* Project object */ = {
			isa = PBXProject;
			attributes = {
				LastUpgradeCheck = 0700;
				ORGANIZATIONNAME = com.czs;
				TargetAttributes = {
					81F8129C1BB237040087D8E3 = {
						CreatedOnToolsVersion = 7.0;
					};
				};
			};
			buildConfigurationList = 81F812981BB237040087D8E3 /* Build configuration list for PBXProject "RWFeed" */;
			compatibilityVersion = "Xcode 3.2";
			developmentRegion = English;
			hasScannedForEncodings = 0;
			knownRegions = (
				en,
				Base,
			);
			mainGroup = 81F812941BB237040087D8E3;
			productRefGroup = 81F8129E1BB237040087D8E3 /* Products */;
			projectDirPath = "";
			projectRoot = "";
			targets = (
				81F8129C1BB237040087D8E3 /* RWFeed */,
			);
		};
/* End PBXProject section */

/* Begin PBXResourcesBuildPhase section */
		81F8129B1BB237040087D8E3 /* Resources */ = {
			isa = PBXResourcesBuildPhase;
			buildActionMask = 2147483647;
			files = (
				81F812AD1BB237040087D8E3 /* LaunchScreen.storyboard in Resources */,
				81F812AA1BB237040087D8E3 /* Assets.xcassets in Resources */,
				81F812A81BB237040087D8E3 /* Main.storyboard in Resources */,
			);
			runOnlyForDeploymentPostprocessing = 0;
		};
/* End PBXResourcesBuildPhase section */

/* Begin PBXSourcesBuildPhase section */
		81F812991BB237040087D8E3 /* Sources */ = {
			isa = PBXSourcesBuildPhase;
			buildActionMask = 2147483647;
			files = (
				81F812C31BB263D90087D8E3 /* XmlParser.swift in Sources */,
				81F812C11BB2511B0087D8E3 /* PostFetchService.swift in Sources */,
				81F812BA1BB250250087D8E3 /* Error.swift in Sources */,
				81F812BF1BB250B10087D8E3 /* FeedServiceProtocol.swift in Sources */,
				81F812A51BB237040087D8E3 /* DetailViewController.swift in Sources */,
				81F812A31BB237040087D8E3 /* MasterViewController.swift in Sources */,
				81F812A11BB237040087D8E3 /* AppDelegate.swift in Sources */,
				81F812BC1BB250320087D8E3 /* Post.swift in Sources */,
			);
			runOnlyForDeploymentPostprocessing = 0;
		};
/* End PBXSourcesBuildPhase section */

/* Begin PBXVariantGroup section */
		81F812A61BB237040087D8E3 /* Main.storyboard */ = {
			isa = PBXVariantGroup;
			children = (
				81F812A71BB237040087D8E3 /* Base */,
			);
			name = Main.storyboard;
			sourceTree = "<group>";
		};
		81F812AB1BB237040087D8E3 /* LaunchScreen.storyboard */ = {
			isa = PBXVariantGroup;
			children = (
				81F812AC1BB237040087D8E3 /* Base */,
			);
			name = LaunchScreen.storyboard;
			sourceTree = "<group>";
		};
/* End PBXVariantGroup section */

/* Begin XCBuildConfiguration section */
		81F812AF1BB237040087D8E3 /* Debug */ = {
			isa = XCBuildConfiguration;
			buildSettings = {
				ALWAYS_SEARCH_USER_PATHS = NO;
				CLANG_CXX_LANGUAGE_STANDARD = "gnu++0x";
				CLANG_CXX_LIBRARY = "libc++";
				CLANG_ENABLE_MODULES = YES;
				CLANG_ENABLE_OBJC_ARC = YES;
				CLANG_WARN_BOOL_CONVERSION = YES;
				CLANG_WARN_CONSTANT_CONVERSION = YES;
				CLANG_WARN_DIRECT_OBJC_ISA_USAGE = YES_ERROR;
				CLANG_WARN_EMPTY_BODY = YES;
				CLANG_WARN_ENUM_CONVERSION = YES;
				CLANG_WARN_INT_CONVERSION = YES;
				CLANG_WARN_OBJC_ROOT_CLASS = YES_ERROR;
				CLANG_WARN_UNREACHABLE_CODE = YES;
				CLANG_WARN__DUPLICATE_METHOD_MATCH = YES;
				"CODE_SIGN_IDENTITY[sdk=iphoneos*]" = "iPhone Developer";
				COPY_PHASE_STRIP = NO;
				DEBUG_INFORMATION_FORMAT = dwarf;
				ENABLE_STRICT_OBJC_MSGSEND = YES;
				ENABLE_TESTABILITY = YES;
				GCC_C_LANGUAGE_STANDARD = gnu99;
				GCC_DYNAMIC_NO_PIC = NO;
				GCC_NO_COMMON_BLOCKS = YES;
				GCC_OPTIMIZATION_LEVEL = 0;
				GCC_PREPROCESSOR_DEFINITIONS = (
					"DEBUG=1",
					"$(inherited)",
				);
				GCC_WARN_64_TO_32_BIT_CONVERSION = YES;
				GCC_WARN_ABOUT_RETURN_TYPE = YES_ERROR;
				GCC_WARN_UNDECLARED_SELECTOR = YES;
				GCC_WARN_UNINITIALIZED_AUTOS = YES_AGGRESSIVE;
				GCC_WARN_UNUSED_FUNCTION = YES;
				GCC_WARN_UNUSED_VARIABLE = YES;
				IPHONEOS_DEPLOYMENT_TARGET = 9.0;
				MTL_ENABLE_DEBUG_INFO = YES;
				ONLY_ACTIVE_ARCH = YES;
				SDKROOT = iphoneos;
				SWIFT_OPTIMIZATION_LEVEL = "-Onone";
				TARGETED_DEVICE_FAMILY = "1,2";
			};
			name = Debug;
		};
		81F812B01BB237040087D8E3 /* Release */ = {
			isa = XCBuildConfiguration;
			buildSettings = {
				ALWAYS_SEARCH_USER_PATHS = NO;
				CLANG_CXX_LANGUAGE_STANDARD = "gnu++0x";
				CLANG_CXX_LIBRARY = "libc++";
				CLANG_ENABLE_MODULES = YES;
				CLANG_ENABLE_OBJC_ARC = YES;
				CLANG_WARN_BOOL_CONVERSION = YES;
				CLANG_WARN_CONSTANT_CONVERSION = YES;
				CLANG_WARN_DIRECT_OBJC_ISA_USAGE = YES_ERROR;
				CLANG_WARN_EMPTY_BODY = YES;
				CLANG_WARN_ENUM_CONVERSION = YES;
				CLANG_WARN_INT_CONVERSION = YES;
				CLANG_WARN_OBJC_ROOT_CLASS = YES_ERROR;
				CLANG_WARN_UNREACHABLE_CODE = YES;
				CLANG_WARN__DUPLICATE_METHOD_MATCH = YES;
				"CODE_SIGN_IDENTITY[sdk=iphoneos*]" = "iPhone Developer";
				COPY_PHASE_STRIP = NO;
				DEBUG_INFORMATION_FORMAT = "dwarf-with-dsym";
				ENABLE_NS_ASSERTIONS = NO;
				ENABLE_STRICT_OBJC_MSGSEND = YES;
				GCC_C_LANGUAGE_STANDARD = gnu99;
				GCC_NO_COMMON_BLOCKS = YES;
				GCC_WARN_64_TO_32_BIT_CONVERSION = YES;
				GCC_WARN_ABOUT_RETURN_TYPE = YES_ERROR;
				GCC_WARN_UNDECLARED_SELECTOR = YES;
				GCC_WARN_UNINITIALIZED_AUTOS = YES_AGGRESSIVE;
				GCC_WARN_UNUSED_FUNCTION = YES;
				GCC_WARN_UNUSED_VARIABLE = YES;
				IPHONEOS_DEPLOYMENT_TARGET = 9.0;
				MTL_ENABLE_DEBUG_INFO = NO;
				SDKROOT = iphoneos;
				TARGETED_DEVICE_FAMILY = "1,2";
				VALIDATE_PRODUCT = YES;
			};
			name = Release;
		};
		81F812B21BB237040087D8E3 /* Debug */ = {
			isa = XCBuildConfiguration;
			buildSettings = {
				ASSETCATALOG_COMPILER_APPICON_NAME = AppIcon;
				INFOPLIST_FILE = RWFeed/Info.plist;
				LD_RUNPATH_SEARCH_PATHS = "$(inherited) @executable_path/Frameworks";
				PRODUCT_BUNDLE_IDENTIFIER = com.zendai.RWFeed;
				PRODUCT_NAME = "$(TARGET_NAME)";
			};
			name = Debug;
		};
		81F812B31BB237040087D8E3 /* Release */ = {
			isa = XCBuildConfiguration;
			buildSettings = {
				ASSETCATALOG_COMPILER_APPICON_NAME = AppIcon;
				INFOPLIST_FILE = RWFeed/Info.plist;
				LD_RUNPATH_SEARCH_PATHS = "$(inherited) @executable_path/Frameworks";
				PRODUCT_BUNDLE_IDENTIFIER = com.zendai.RWFeed;
				PRODUCT_NAME = "$(TARGET_NAME)";
			};
			name = Release;
		};
/* End XCBuildConfiguration section */

/* Begin XCConfigurationList section */
		81F812981BB237040087D8E3 /* Build configuration list for PBXProject "RWFeed" */ = {
			isa = XCConfigurationList;
			buildConfigurations = (
				81F812AF1BB237040087D8E3 /* Debug */,
				81F812B01BB237040087D8E3 /* Release */,
			);
			defaultConfigurationIsVisible = 0;
			defaultConfigurationName = Release;
		};
		81F812B11BB237040087D8E3 /* Build configuration list for PBXNativeTarget "RWFeed" */ = {
			isa = XCConfigurationList;
			buildConfigurations = (
				81F812B21BB237040087D8E3 /* Debug */,
				81F812B31BB237040087D8E3 /* Release */,
			);
			defaultConfigurationIsVisible = 0;
		};
/* End XCConfigurationList section */
	};
	rootObject = 81F812951BB237040087D8E3 /* Project object */;
}
